<?xml version="1.0" encoding="UTF-8" standalone="yes" ?>
<CodeBlocks_project_file>
	<FileVersion major="1" minor="6" />
	<Project>
		<Option title="Platamp" />
		<Option pch_mode="2" />
		<Option compiler="gcc" />
		<Build>
			<Target title="Debug">
				<Option output="bin/Debug/Platamp" prefix_auto="1" extension_auto="1" />
				<Option object_output="obj/Debug/" />
				<Option type="1" />
				<Option compiler="gcc" />
				<Compiler>
					<Add option="-g" />
				</Compiler>
			</Target>
			<Target title="Release">
				<Option output="bin/Release/Platamp" prefix_auto="1" extension_auto="1" />
				<Option object_output="obj/Release/" />
				<Option type="1" />
				<Option compiler="gcc" />
				<Compiler>
					<Add option="-O2" />
				</Compiler>
				<Linker>
					<Add option="-s" />
				</Linker>
			</Target>
		</Build>
		<Compiler>
			<Add option="-Wall" />
			<Add directory="C:/SFML-2.3.2/include" />
		</Compiler>
		<Linker>
			<Add library="C:/SFML-2.3.2/lib/libsfml-system.a" />
			<Add library="C:/SFML-2.3.2/lib/libsfml-window.a" />
			<Add library="C:/SFML-2.3.2/lib/libsfml-graphics.a" />
			<Add library="C:/SFML-2.3.2/lib/libsfml-audio.a" />
			<Add library="C:/SFML-2.3.2/lib/libsfml-network.a" />
			<Add directory="C:/SFML-2.3.2/lib" />
		</Linker>
		<Unit filename="Buttons.cpp" />
		<Unit filename="Buttons.h">
			<Option target="Release" />
		</Unit>
		<Unit filename="Tiles/box.png">
			<Option target="Release" />
		</Unit>
		<Unit filename="Tiles/boxAlt.png">
			<Option target="Release" />
		</Unit>
		<Unit filename="Tiles/boxCoin.png">
			<Option target="Release" />
		</Unit>
		<Unit filename="Tiles/boxCoinAlt.png">
			<Option target="Release" />
		</Unit>
		<Unit filename="Tiles/boxCoinAlt_disabled.png">
			<Option target="Release" />
		</Unit>
		<Unit filename="Tiles/boxCoin_disabled.png">
			<Option target="Release" />
		</Unit>
		<Unit filename="Tiles/boxEmpty.png">
			<Option target="Release" />
		</Unit>
		<Unit filename="Tiles/boxExplosive.png">
			<Option target="Release" />
		</Unit>
		<Unit filename="Tiles/boxExplosiveAlt.png">
			<Option target="Release" />
		</Unit>
		<Unit filename="Tiles/boxExplosive_disabled.png">
			<Option target="Release" />
		</Unit>
		<Unit filename="Tiles/boxItem.png">
			<Option target="Release" />
		</Unit>
		<Unit filename="Tiles/boxItemAlt.png">
			<Option target="Release" />
		</Unit>
		<Unit filename="Tiles/boxItemAlt_disabled.png">
			<Option target="Release" />
		</Unit>
		<Unit filename="Tiles/boxItem_disabled.png">
			<Option target="Release" />
		</Unit>
		<Unit filename="Tiles/boxWarning.png">
			<Option target="Release" />
		</Unit>
		<Unit filename="Tiles/brickWall.png">
			<Option target="Release" />
		</Unit>
		<Unit filename="Tiles/bridge.png">
			<Option target="Release" />
		</Unit>
		<Unit filename="Tiles/bridgeLogs.png">
			<Option target="Release" />
		</Unit>
		<Unit filename="Tiles/bush.png">
			<Option target="Release" />
		</Unit>
		<Unit filename="Tiles/castle.png">
			<Option target="Release" />
		</Unit>
		<Unit filename="Tiles/castleCenter.png">
			<Option target="Release" />
		</Unit>
		<Unit filename="Tiles/castleCenter_rounded.png">
			<Option target="Release" />
		</Unit>
		<Unit filename="Tiles/castleCliffLeft.png">
			<Option target="Release" />
		</Unit>
		<Unit filename="Tiles/castleCliffLeftAlt.png">
			<Option target="Release" />
		</Unit>
		<Unit filename="Tiles/castleCliffRight.png">
			<Option target="Release" />
		</Unit>
		<Unit filename="Tiles/castleCliffRightAlt.png">
			<Option target="Release" />
		</Unit>
		<Unit filename="Tiles/castleHalf.png">
			<Option target="Release" />
		</Unit>
		<Unit filename="Tiles/castleHalfLeft.png">
			<Option target="Release" />
		</Unit>
		<Unit filename="Tiles/castleHalfMid.png">
			<Option target="Release" />
		</Unit>
		<Unit filename="Tiles/castleHalfRight.png">
			<Option target="Release" />
		</Unit>
		<Unit filename="Tiles/castleHillLeft.png">
			<Option target="Release" />
		</Unit>
		<Unit filename="Tiles/castleHillLeft2.png">
			<Option target="Release" />
		</Unit>
		<Unit filename="Tiles/castleHillRight.png">
			<Option target="Release" />
		</Unit>
		<Unit filename="Tiles/castleHillRight2.png">
			<Option target="Release" />
		</Unit>
		<Unit filename="Tiles/castleLedgeLeft.png">
			<Option target="Release" />
		</Unit>
		<Unit filename="Tiles/castleLedgeRight.png">
			<Option target="Release" />
		</Unit>
		<Unit filename="Tiles/castleLeft.png">
			<Option target="Release" />
		</Unit>
		<Unit filename="Tiles/castleMid.png">
			<Option target="Release" />
		</Unit>
		<Unit filename="Tiles/castleRight.png">
			<Option target="Release" />
		</Unit>
		<Unit filename="Tiles/cloud1.png">
			<Option target="Release" />
		</Unit>
		<Unit filename="Tiles/cloud2.png">
			<Option target="Release" />
		</Unit>
		<Unit filename="Tiles/cloud3.png">
			<Option target="Release" />
		</Unit>
		<Unit filename="Tiles/dirt.png">
			<Option target="Release" />
		</Unit>
		<Unit filename="Tiles/dirtCenter.png">
			<Option target="Release" />
		</Unit>
		<Unit filename="Tiles/dirtCenter_rounded.png">
			<Option target="Release" />
		</Unit>
		<Unit filename="Tiles/dirtCliffLeft.png">
			<Option target="Release" />
		</Unit>
		<Unit filename="Tiles/dirtCliffLeftAlt.png">
			<Option target="Release" />
		</Unit>
		<Unit filename="Tiles/dirtCliffRight.png">
			<Option target="Release" />
		</Unit>
		<Unit filename="Tiles/dirtCliffRightAlt.png">
			<Option target="Release" />
		</Unit>
		<Unit filename="Tiles/dirtHalf.png">
			<Option target="Release" />
		</Unit>
		<Unit filename="Tiles/dirtHalfLeft.png">
			<Option target="Release" />
		</Unit>
		<Unit filename="Tiles/dirtHalfMid.png">
			<Option target="Release" />
		</Unit>
		<Unit filename="Tiles/dirtHalfRight.png">
			<Option target="Release" />
		</Unit>
		<Unit filename="Tiles/dirtHillLeft.png">
			<Option target="Release" />
		</Unit>
		<Unit filename="Tiles/dirtHillLeft2.png">
			<Option target="Release" />
		</Unit>
		<Unit filename="Tiles/dirtHillRight.png">
			<Option target="Release" />
		</Unit>
		<Unit filename="Tiles/dirtHillRight2.png">
			<Option target="Release" />
		</Unit>
		<Unit filename="Tiles/dirtLedgeLeft.png">
			<Option target="Release" />
		</Unit>
		<Unit filename="Tiles/dirtLedgeRight.png">
			<Option target="Release" />
		</Unit>
		<Unit filename="Tiles/dirtLeft.png">
			<Option target="Release" />
		</Unit>
		<Unit filename="Tiles/dirtMid.png">
			<Option target="Release" />
		</Unit>
		<Unit filename="Tiles/dirtRight.png">
			<Option target="Release" />
		</Unit>
		<Unit filename="Tiles/door_closedMid.png">
			<Option target="Release" />
		</Unit>
		<Unit filename="Tiles/door_closedTop.png">
			<Option target="Release" />
		</Unit>
		<Unit filename="Tiles/door_openMid.png">
			<Option target="Release" />
		</Unit>
		<Unit filename="Tiles/door_openTop.png">
			<Option target="Release" />
		</Unit>
		<Unit filename="Tiles/fence.png">
			<Option target="Release" />
		</Unit>
		<Unit filename="Tiles/fenceBroken.png">
			<Option target="Release" />
		</Unit>
		<Unit filename="Tiles/grass.png">
			<Option target="Release" />
		</Unit>
		<Unit filename="Tiles/grassCenter.png">
			<Option target="Release" />
		</Unit>
		<Unit filename="Tiles/grassCenter_rounded.png">
			<Option target="Release" />
		</Unit>
		<Unit filename="Tiles/grassCliffLeft.png">
			<Option target="Release" />
		</Unit>
		<Unit filename="Tiles/grassCliffLeftAlt.png">
			<Option target="Release" />
		</Unit>
		<Unit filename="Tiles/grassCliffRight.png">
			<Option target="Release" />
		</Unit>
		<Unit filename="Tiles/grassCliffRightAlt.png">
			<Option target="Release" />
		</Unit>
		<Unit filename="Tiles/grassHalf.png">
			<Option target="Release" />
		</Unit>
		<Unit filename="Tiles/grassHalfLeft.png">
			<Option target="Release" />
		</Unit>
		<Unit filename="Tiles/grassHalfMid.png">
			<Option target="Release" />
		</Unit>
		<Unit filename="Tiles/grassHalfRight.png">
			<Option target="Release" />
		</Unit>
		<Unit filename="Tiles/grassHillLeft.png">
			<Option target="Release" />
		</Unit>
		<Unit filename="Tiles/grassHillLeft2.png">
			<Option target="Release" />
		</Unit>
		<Unit filename="Tiles/grassHillRight.png">
			<Option target="Release" />
		</Unit>
		<Unit filename="Tiles/grassHillRight2.png">
			<Option target="Release" />
		</Unit>
		<Unit filename="Tiles/grassLedgeLeft.png">
			<Option target="Release" />
		</Unit>
		<Unit filename="Tiles/grassLedgeRight.png">
			<Option target="Release" />
		</Unit>
		<Unit filename="Tiles/grassLeft.png">
			<Option target="Release" />
		</Unit>
		<Unit filename="Tiles/grassMid.png">
			<Option target="Release" />
		</Unit>
		<Unit filename="Tiles/grassRight.png">
			<Option target="Release" />
		</Unit>
		<Unit filename="Tiles/hill_large.png">
			<Option target="Release" />
		</Unit>
		<Unit filename="Tiles/hill_largeAlt.png">
			<Option target="Release" />
		</Unit>
		<Unit filename="Tiles/hill_small.png">
			<Option target="Release" />
		</Unit>
		<Unit filename="Tiles/hill_smallAlt.png">
			<Option target="Release" />
		</Unit>
		<Unit filename="Tiles/ladder_mid.png">
			<Option target="Release" />
		</Unit>
		<Unit filename="Tiles/ladder_top.png">
			<Option target="Release" />
		</Unit>
		<Unit filename="Tiles/liquidLava.png">
			<Option target="Release" />
		</Unit>
		<Unit filename="Tiles/liquidLavaTop.png">
			<Option target="Release" />
		</Unit>
		<Unit filename="Tiles/liquidLavaTop_mid.png">
			<Option target="Release" />
		</Unit>
		<Unit filename="Tiles/liquidWater.png">
			<Option target="Release" />
		</Unit>
		<Unit filename="Tiles/liquidWaterTop.png">
			<Option target="Release" />
		</Unit>
		<Unit filename="Tiles/liquidWaterTop_mid.png">
			<Option target="Release" />
		</Unit>
		<Unit filename="Tiles/lock_blue.png">
			<Option target="Release" />
		</Unit>
		<Unit filename="Tiles/lock_green.png">
			<Option target="Release" />
		</Unit>
		<Unit filename="Tiles/lock_red.png">
			<Option target="Release" />
		</Unit>
		<Unit filename="Tiles/lock_yellow.png">
			<Option target="Release" />
		</Unit>
		<Unit filename="Tiles/plank.png">
			<Option target="Release" />
		</Unit>
		<Unit filename="Tiles/rockHillLeft.png">
			<Option target="Release" />
		</Unit>
		<Unit filename="Tiles/rockHillRight.png">
			<Option target="Release" />
		</Unit>
		<Unit filename="Tiles/ropeAttached.png">
			<Option target="Release" />
		</Unit>
		<Unit filename="Tiles/ropeHorizontal.png">
			<Option target="Release" />
		</Unit>
		<Unit filename="Tiles/ropeVertical.png">
			<Option target="Release" />
		</Unit>
		<Unit filename="Tiles/sand.png">
			<Option target="Release" />
		</Unit>
		<Unit filename="Tiles/sandCenter.png">
			<Option target="Release" />
		</Unit>
		<Unit filename="Tiles/sandCenter_rounded.png">
			<Option target="Release" />
		</Unit>
		<Unit filename="Tiles/sandCliffLeft.png">
			<Option target="Release" />
		</Unit>
		<Unit filename="Tiles/sandCliffLeftAlt.png">
			<Option target="Release" />
		</Unit>
		<Unit filename="Tiles/sandCliffRight.png">
			<Option target="Release" />
		</Unit>
		<Unit filename="Tiles/sandCliffRightAlt.png">
			<Option target="Release" />
		</Unit>
		<Unit filename="Tiles/sandHalf.png">
			<Option target="Release" />
		</Unit>
		<Unit filename="Tiles/sandHalfLeft.png">
			<Option target="Release" />
		</Unit>
		<Unit filename="Tiles/sandHalfMid.png">
			<Option target="Release" />
		</Unit>
		<Unit filename="Tiles/sandHalfRight.png">
			<Option target="Release" />
		</Unit>
		<Unit filename="Tiles/sandHillLeft.png">
			<Option target="Release" />
		</Unit>
		<Unit filename="Tiles/sandHillLeft2.png">
			<Option target="Release" />
		</Unit>
		<Unit filename="Tiles/sandHillRight.png">
			<Option target="Release" />
		</Unit>
		<Unit filename="Tiles/sandHillRight2.png">
			<Option target="Release" />
		</Unit>
		<Unit filename="Tiles/sandLedgeLeft.png">
			<Option target="Release" />
		</Unit>
		<Unit filename="Tiles/sandLedgeRight.png">
			<Option target="Release" />
		</Unit>
		<Unit filename="Tiles/sandLeft.png">
			<Option target="Release" />
		</Unit>
		<Unit filename="Tiles/sandMid.png">
			<Option target="Release" />
		</Unit>
		<Unit filename="Tiles/sandRight.png">
			<Option target="Release" />
		</Unit>
		<Unit filename="Tiles/sign.png">
			<Option target="Release" />
		</Unit>
		<Unit filename="Tiles/signExit.png">
			<Option target="Release" />
		</Unit>
		<Unit filename="Tiles/signLeft.png">
			<Option target="Release" />
		</Unit>
		<Unit filename="Tiles/signRight.png">
			<Option target="Release" />
		</Unit>
		<Unit filename="Tiles/snow.png">
			<Option target="Release" />
		</Unit>
		<Unit filename="Tiles/snowCenter.png">
			<Option target="Release" />
		</Unit>
		<Unit filename="Tiles/snowCenter_rounded.png">
			<Option target="Release" />
		</Unit>
		<Unit filename="Tiles/snowCliffLeft.png">
			<Option target="Release" />
		</Unit>
		<Unit filename="Tiles/snowCliffLeftAlt.png">
			<Option target="Release" />
		</Unit>
		<Unit filename="Tiles/snowCliffRight.png">
			<Option target="Release" />
		</Unit>
		<Unit filename="Tiles/snowCliffRightAlt.png">
			<Option target="Release" />
		</Unit>
		<Unit filename="Tiles/snowHalf.png">
			<Option target="Release" />
		</Unit>
		<Unit filename="Tiles/snowHalfLeft.png">
			<Option target="Release" />
		</Unit>
		<Unit filename="Tiles/snowHalfMid.png">
			<Option target="Release" />
		</Unit>
		<Unit filename="Tiles/snowHalfRight.png">
			<Option target="Release" />
		</Unit>
		<Unit filename="Tiles/snowHillLeft.png">
			<Option target="Release" />
		</Unit>
		<Unit filename="Tiles/snowHillLeft2.png">
			<Option target="Release" />
		</Unit>
		<Unit filename="Tiles/snowHillRight.png">
			<Option target="Release" />
		</Unit>
		<Unit filename="Tiles/snowHillRight2.png">
			<Option target="Release" />
		</Unit>
		<Unit filename="Tiles/snowLedgeLeft.png">
			<Option target="Release" />
		</Unit>
		<Unit filename="Tiles/snowLedgeRight.png">
			<Option target="Release" />
		</Unit>
		<Unit filename="Tiles/snowLeft.png">
			<Option target="Release" />
		</Unit>
		<Unit filename="Tiles/snowMid.png">
			<Option target="Release" />
		</Unit>
		<Unit filename="Tiles/snowRight.png">
			<Option target="Release" />
		</Unit>
		<Unit filename="Tiles/stone.png">
			<Option target="Release" />
		</Unit>
		<Unit filename="Tiles/stoneCenter.png">
			<Option target="Release" />
		</Unit>
		<Unit filename="Tiles/stoneCenter_rounded.png">
			<Option target="Release" />
		</Unit>
		<Unit filename="Tiles/stoneCliffLeft.png">
			<Option target="Release" />
		</Unit>
		<Unit filename="Tiles/stoneCliffLeftAlt.png">
			<Option target="Release" />
		</Unit>
		<Unit filename="Tiles/stoneCliffRight.png">
			<Option target="Release" />
		</Unit>
		<Unit filename="Tiles/stoneCliffRightAlt.png">
			<Option target="Release" />
		</Unit>
		<Unit filename="Tiles/stoneHalf.png">
			<Option target="Release" />
		</Unit>
		<Unit filename="Tiles/stoneHalfLeft.png">
			<Option target="Release" />
		</Unit>
		<Unit filename="Tiles/stoneHalfMid.png">
			<Option target="Release" />
		</Unit>
		<Unit filename="Tiles/stoneHalfRight.png">
			<Option target="Release" />
		</Unit>
		<Unit filename="Tiles/stoneHillLeft2.png">
			<Option target="Release" />
		</Unit>
		<Unit filename="Tiles/stoneHillRight2.png">
			<Option target="Release" />
		</Unit>
		<Unit filename="Tiles/stoneLedgeLeft.png">
			<Option target="Release" />
		</Unit>
		<Unit filename="Tiles/stoneLedgeRight.png">
			<Option target="Release" />
		</Unit>
		<Unit filename="Tiles/stoneLeft.png">
			<Option target="Release" />
		</Unit>
		<Unit filename="Tiles/stoneMid.png">
			<Option target="Release" />
		</Unit>
		<Unit filename="Tiles/stoneRight.png">
			<Option target="Release" />
		</Unit>
		<Unit filename="Tiles/stoneWall.png">
			<Option target="Release" />
		</Unit>
		<Unit filename="Tiles/tiles_spritesheet.png">
			<Option target="Release" />
		</Unit>
		<Unit filename="Tiles/tiles_spritesheet.xml" />
		<Unit filename="Tiles/tochLit.png">
			<Option target="Release" />
		</Unit>
		<Unit filename="Tiles/tochLit2.png">
			<Option target="Release" />
		</Unit>
		<Unit filename="Tiles/torch.png">
			<Option target="Release" />
		</Unit>
		<Unit filename="Tiles/window.png">
			<Option target="Release" />
		</Unit>
		<Unit filename="game.cpp" />
		<Unit filename="game.h">
			<Option target="Release" />
		</Unit>
		<Unit filename="main.cpp" />
		<Unit filename="mapping.cpp" />
		<Unit filename="mapping.h">
			<Option target="Release" />
		</Unit>
		<Unit filename="menu.cpp" />
		<Unit filename="menu.h">
			<Option target="Release" />
		</Unit>
		<Unit filename="player.cpp">
			<Option target="Debug" />
		</Unit>
		<Unit filename="player.h">
			<Option target="&lt;{~None~}&gt;" />
		</Unit>
		<Unit filename="src/Background.jpg" />
		<Unit filename="src/Menu.png">
			<Option target="Release" />
		</Unit>
		<Unit filename="src/NPC2.png">
			<Option target="Release" />
		</Unit>
		<Unit filename="src/arial.ttf" />
		<Unit filename="src/mapa1.csv" />
		<Extensions>
			<code_completion />
			<envvars />
			<debugger />
			<lib_finder disable_auto="1" />
		</Extensions>
	</Project>
</CodeBlocks_project_file>
